
Microsoft Visual Studio Solution File, Format Version 12.00
# Visual Studio Version 17
VisualStudioVersion = 17.9.34728.123
MinimumVisualStudioVersion = 10.0.40219.1
Project("{9A19103F-16F7-4668-BE54-9A1E7A4F7556}") = "EmailManagement.Common", "EmailManagement.Common\EmailManagement.Common.csproj", "{0AD39EAA-94C6-4860-B91A-31E3C4E177A0}"
EndProject
Project("{9A19103F-16F7-4668-BE54-9A1E7A4F7556}") = "EmailManagement.Web", "EmailManagement.Web\EmailManagement.Web.csproj", "{3767C616-7ACD-4701-B460-82892751E9F4}"
EndProject
Project("{9A19103F-16F7-4668-BE54-9A1E7A4F7556}") = "EmailManagement.ElasticService", "EmailManagement.ElasticService\EmailManagement.ElasticService.csproj", "{7B7400A3-9B2B-4E3B-A7D7-3171C0DC6E5D}"
EndProject
Project("{9A19103F-16F7-4668-BE54-9A1E7A4F7556}") = "EmailManagement.IMAP", "EmailManagement.IMAP\EmailManagement.IMAP.csproj", "{AB6BF7A0-FF05-4B94-9CC4-195B8F6BB4C1}"
EndProject
Global
	GlobalSection(SolutionConfigurationPlatforms) = preSolution
		Debug|Any CPU = Debug|Any CPU
		Release|Any CPU = Release|Any CPU
	EndGlobalSection
	GlobalSection(ProjectConfigurationPlatforms) = postSolution
		{0AD39EAA-94C6-4860-B91A-31E3C4E177A0}.Debug|Any CPU.ActiveCfg = Debug|Any CPU
		{0AD39EAA-94C6-4860-B91A-31E3C4E177A0}.Debug|Any CPU.Build.0 = Debug|Any CPU
		{0AD39EAA-94C6-4860-B91A-31E3C4E177A0}.Release|Any CPU.ActiveCfg = Release|Any CPU
		{0AD39EAA-94C6-4860-B91A-31E3C4E177A0}.Release|Any CPU.Build.0 = Release|Any CPU
		{3767C616-7ACD-4701-B460-82892751E9F4}.Debug|Any CPU.ActiveCfg = Debug|Any CPU
		{3767C616-7ACD-4701-B460-82892751E9F4}.Debug|Any CPU.Build.0 = Debug|Any CPU
		{3767C616-7ACD-4701-B460-82892751E9F4}.Release|Any CPU.ActiveCfg = Release|Any CPU
		{3767C616-7ACD-4701-B460-82892751E9F4}.Release|Any CPU.Build.0 = Release|Any CPU
		{7B7400A3-9B2B-4E3B-A7D7-3171C0DC6E5D}.Debug|Any CPU.ActiveCfg = Debug|Any CPU
		{7B7400A3-9B2B-4E3B-A7D7-3171C0DC6E5D}.Debug|Any CPU.Build.0 = Debug|Any CPU
		{7B7400A3-9B2B-4E3B-A7D7-3171C0DC6E5D}.Release|Any CPU.ActiveCfg = Release|Any CPU
		{7B7400A3-9B2B-4E3B-A7D7-3171C0DC6E5D}.Release|Any CPU.Build.0 = Release|Any CPU
		{AB6BF7A0-FF05-4B94-9CC4-195B8F6BB4C1}.Debug|Any CPU.ActiveCfg = Debug|Any CPU
		{AB6BF7A0-FF05-4B94-9CC4-195B8F6BB4C1}.Debug|Any CPU.Build.0 = Debug|Any CPU
		{AB6BF7A0-FF05-4B94-9CC4-195B8F6BB4C1}.Release|Any CPU.ActiveCfg = Release|Any CPU
		{AB6BF7A0-FF05-4B94-9CC4-195B8F6BB4C1}.Release|Any CPU.Build.0 = Release|Any CPU
	EndGlobalSection
	GlobalSection(SolutionProperties) = preSolution
		HideSolutionNode = FALSE
	EndGlobalSection
	GlobalSection(ExtensibilityGlobals) = postSolution
		SolutionGuid = {96D78867-B475-443F-B475-33557BEC46B3}
	EndGlobalSection
EndGlobal
